# This file is automatically @generated by Cargo.
# It is not intended for manual editing.
version = 3

[[package]]
name = "app"
version = "0.0.0"
dependencies = [
 "bindings",
 "windows",
]

[[package]]
name = "bindings"
version = "0.0.0"
dependencies = [
 "windows",
]

[[package]]
name = "const-sha1"
version = "0.2.0"
source = "registry+https://github.com/rust-lang/crates.io-index"
checksum = "fb58b6451e8c2a812ad979ed1d83378caa5e927eef2622017a45f251457c2c9d"

[[package]]
name = "proc-macro2"
version = "1.0.29"
source = "registry+https://github.com/rust-lang/crates.io-index"
checksum = "b9f5105d4fdaab20335ca9565e106a5d9b82b6219b5ba735731124ac6711d23d"
dependencies = [
 "unicode-xid",
]

[[package]]
name = "quote"
version = "1.0.9"
source = "registry+https://github.com/rust-lang/crates.io-index"
checksum = "c3d0b9745dc2debf507c8422de05d7226cc1f0644216dfdfead988f9b1ab32a7"
dependencies = [
 "proc-macro2",
]

[[package]]
name = "syn"
version = "1.0.76"
source = "registry+https://github.com/rust-lang/crates.io-index"
checksum = "c6f107db402c2c2055242dbf4d2af0e69197202e9faacbef9571bbe47f5a1b84"
dependencies = [
 "proc-macro2",
 "quote",
 "unicode-xid",
]

[[package]]
name = "unicode-xid"
version = "0.2.2"
source = "registry+https://github.com/rust-lang/crates.io-index"
checksum = "8ccb82d61f80a663efe1f787a51b16b5a51e3314d6ac365b08639f52387b33f3"

[[package]]
name = "windows"
version = "0.20.1"
source = "registry+https://github.com/rust-lang/crates.io-index"
checksum = "d7524f6f9074f6326a1c167cd3dc2ed4e6916648a1a55116d029620af9b65fb1"
dependencies = [
 "const-sha1",
 "windows_gen",
 "windows_macros",
]

[[package]]
name = "windows_gen"
version = "0.20.1"
source = "registry+https://github.com/rust-lang/crates.io-index"
checksum = "4be44a189bde96fc0e0cdd5b152b2d21c635c0c94c7d256aab4425477b2a2f37"
dependencies = [
 "windows_quote",
 "windows_reader",
]

[[package]]
name = "windows_macros"
version = "0.20.1"
source = "registry+https://github.com/rust-lang/crates.io-index"
checksum = "cc1d78ce8a43d45b8da282383a2cb2ffcd5587cc3a9c341125d3181d2b701ede"
dependencies = [
 "syn",
 "windows_gen",
 "windows_quote",
 "windows_reader",
]

[[package]]
name = "windows_quote"
version = "0.20.1"
source = "registry+https://github.com/rust-lang/crates.io-index"
checksum = "51fa2185b18a6164a3fa3ea2b6c92ebc1b60f532ae5a85c57408ba6a5a064913"

[[package]]
name = "windows_reader"
version = "0.20.1"
source = "registry+https://github.com/rust-lang/crates.io-index"
checksum = "3daa5bd758f2f8f20cd93a79aedca20759779f43785fc77b08a4e8e1e5876bbb"
